{
  "name": "HKUSI-Demo",
  "lockfileVersion": 3,
  "requires": true,
  "packages": {
    "": {
      "dependencies": {
        "@openai/codex": "^0.144.0"
      }
    },
    "node_modules/@openai/codex": {
      "version": "0.144.0",
      "resolved": "https://registry.npmjs.org/@openai/codex/-/codex-0.144.0.tgz",
      "integrity": "sha512-QFh6f+v5QUx/Vg0HjIl9HB94p7aDLBDkZjc4IXX5RXUcXHPVCZNb6Hl2R49Og/fqW7orgZkeDcgWfRANUa1WoQ==",
      "license": "Apache-2.0",
      "bin": {
        "codex": "bin/codex.js"
      },
      "engines": {
        "node": ">=16"
      },
      "optionalDependencies": {
        "@openai/codex-darwin-arm64": "npm:@openai/codex@0.144.0-darwin-arm64",
        "@openai/codex-darwin-x64": "npm:@openai/codex@0.144.0-darwin-x64",
        "@openai/codex-linux-arm64": "npm:@openai/codex@0.144.0-linux-arm64",
        "@openai/codex-linux-x64": "npm:@openai/codex@0.144.0-linux-x64",
        "@openai/codex-win32-arm64": "npm:@openai/codex@0.144.0-win32-arm64",
        "@openai/codex-win32-x64": "npm:@openai/codex@0.144.0-win32-x64"
      }
    },
    "node_modules/@openai/codex-darwin-arm64": {
      "name": "@openai/codex",
      "version": "0.144.0-darwin-arm64",
      "resolved": "https://registry.npmjs.org/@openai/codex/-/codex-0.144.0-darwin-arm64.tgz",
      "integrity": "sha512-rqFAJdOa2I0VRgepVsSZeLxs96+Y+LXTjccOOvH6894FyaFAYPZ/o+6hgpB1iGHxxdoY/DsGa8jrJC8Leqn9Kg==",
      "cpu": [
        "arm64"
      ],
      "license": "Apache-2.0",
      "optional": true,
      "os": [
        "darwin"
      ],
      "engines": {
        "node": ">=16"
      }
    },
    "node_modules/@openai/codex-darwin-x64": {
      "name": "@openai/codex",
      "version": "0.144.0-darwin-x64",
      "resolved": "https://registry.npmjs.org/@openai/codex/-/codex-0.144.0-darwin-x64.tgz",
      "integrity": "sha512-4p2jxRbN+Khg5UQzpkzT9upFj+qkEF/abmdvrtflkkWmVKP6Nt+yi8ospdqv9PDqvQ9SotPvX7iXaFaeUTrtmA==",
      "cpu": [
        "x64"
      ],
      "license": "Apache-2.0",
      "optional": true,
      "os": [
        "darwin"
      ],
      "engines": {
        "node": ">=16"
      }
    },
    "node_modules/@openai/codex-linux-arm64": {
      "name": "@openai/codex",
      "version": "0.144.0-linux-arm64",
      "resolved": "https://registry.npmjs.org/@openai/codex/-/codex-0.144.0-linux-arm64.tgz",
      "integrity": "sha512-k++xhZrn9P3laO00Q92APG6mdOFDD66nUBo+8ExCa1NXi2pjLEMLC4+UNJTUUtUT1PEflOZ5pDKxPXgzaiFFFg==",
      "cpu": [
        "arm64"
      ],
      "license": "Apache-2.0",
      "optional": true,
      "os": [
        "linux"
      ],
      "engines": {
        "node": ">=16"
      }
    },
    "node_modules/@openai/codex-linux-x64": {
      "name": "@openai/codex",
      "version": "0.144.0-linux-x64",
      "resolved": "https://registry.npmjs.org/@openai/codex/-/codex-0.144.0-linux-x64.tgz",
      "integrity": "sha512-GmKtQeX+cO9lN7mQD1FEVcXYEMLMgMByHwZdvlluH0bj/+c2ind3hwbRtE3eECFDekNhEiB80Ez0FfbkyFQqoA==",
      "cpu": [
        "x64"
      ],
      "license": "Apache-2.0",
      "optional": true,
      "os": [
        "linux"
      ],
      "engines": {
        "node": ">=16"
      }
    },
    "node_modules/@openai/codex-win32-arm64": {
      "name": "@openai/codex",
      "version": "0.144.0-win32-arm64",
      "resolved": "https://registry.npmjs.org/@openai/codex/-/codex-0.144.0-win32-arm64.tgz",
      "integrity": "sha512-e2yGSgwdzrT1SoJMoOzWD58WBEsIaAMZpEchuV2VGkE2T955SG7dn7EyVQTQcy7/rdpE8aEDktZ/1eQQfjkdtQ==",
      "cpu": [
        "arm64"
      ],
      "license": "Apache-2.0",
      "optional": true,
      "os": [
        "win32"
      ],
      "engines": {
        "node": ">=16"
      }
    },
    "node_modules/@openai/codex-win32-x64": {
      "name": "@openai/codex",
      "version": "0.144.0-win32-x64",
      "resolved": "https://registry.npmjs.org/@openai/codex/-/codex-0.144.0-win32-x64.tgz",
      "integrity": "sha512-QiholLCYqNeYvNM77HOmPtrOFrY0rQc/N9nXt+sQGXO3rEGmcWjpLzujY4Oegl3CLRHoieWqlep3EqEvFBjoIA==",
      "cpu": [
        "x64"
      ],
      "license": "Apache-2.0",
      "optional": true,
      "os": [
        "win32"
      ],
      "engines": {
        "node": ">=16"
      }
    }
  }
}
